# This file is automatically @generated by Cargo.
# It is not intended for manual editing.
version = 3

[[package]]
name = "erikfran-chess-gui"
version = "0.1.0"
dependencies = [
 "redkar-chess",
]

[[package]]
name = "redkar-chess"
version = "0.1.0"
source = "git+https://github.com/INDA23PlusPlus/redkar-chess#774e1e6e25e56821cb9a38c6de41f29231fc2604"
